
Microsoft Visual Studio Solution File, Format Version 12.00
# Visual Studio 15
VisualStudioVersion = 15.0.27703.2026
MinimumVisualStudioVersion = 10.0.40219.1
Project("{9A19103F-16F7-4668-BE54-9A1E7A4F7556}") = "FastBlog.Web", "FastBlog.Web\FastBlog.Web.csproj", "{2C7FEE2D-4AA2-4719-9FD8-E5153FB903E5}"
EndProject
Project("{FAE04EC0-301F-11D3-BF4B-00C04F79EFBC}") = "FastBlog.Services", "FastBlog.Services\FastBlog.Services.csproj", "{DAF7C7C3-4301-492E-B25F-B3625F36EE80}"
EndProject
Project("{FAE04EC0-301F-11D3-BF4B-00C04F79EFBC}") = "FastBlog.Client", "FastBlog.Client\FastBlog.Client.csproj", "{7AF3E877-451A-4E7D-BD30-03E6C463EBA6}"
EndProject
Project("{FAE04EC0-301F-11D3-BF4B-00C04F79EFBC}") = "FastBlog.Models", "FastBlog.Models\FastBlog.Models.csproj", "{28A7861C-C886-4AEE-BDE6-9FC4F3DF675B}"
EndProject
Global
	GlobalSection(SolutionConfigurationPlatforms) = preSolution
		Debug|Any CPU = Debug|Any CPU
		Release|Any CPU = Release|Any CPU
	EndGlobalSection
	GlobalSection(ProjectConfigurationPlatforms) = postSolution
		{2C7FEE2D-4AA2-4719-9FD8-E5153FB903E5}.Debug|Any CPU.ActiveCfg = Debug|Any CPU
		{2C7FEE2D-4AA2-4719-9FD8-E5153FB903E5}.Debug|Any CPU.Build.0 = Debug|Any CPU
		{2C7FEE2D-4AA2-4719-9FD8-E5153FB903E5}.Release|Any CPU.ActiveCfg = Release|Any CPU
		{2C7FEE2D-4AA2-4719-9FD8-E5153FB903E5}.Release|Any CPU.Build.0 = Release|Any CPU
		{DAF7C7C3-4301-492E-B25F-B3625F36EE80}.Debug|Any CPU.ActiveCfg = Debug|Any CPU
		{DAF7C7C3-4301-492E-B25F-B3625F36EE80}.Debug|Any CPU.Build.0 = Debug|Any CPU
		{DAF7C7C3-4301-492E-B25F-B3625F36EE80}.Release|Any CPU.ActiveCfg = Release|Any CPU
		{DAF7C7C3-4301-492E-B25F-B3625F36EE80}.Release|Any CPU.Build.0 = Release|Any CPU
		{7AF3E877-451A-4E7D-BD30-03E6C463EBA6}.Debug|Any CPU.ActiveCfg = Debug|Any CPU
		{7AF3E877-451A-4E7D-BD30-03E6C463EBA6}.Debug|Any CPU.Build.0 = Debug|Any CPU
		{7AF3E877-451A-4E7D-BD30-03E6C463EBA6}.Release|Any CPU.ActiveCfg = Release|Any CPU
		{7AF3E877-451A-4E7D-BD30-03E6C463EBA6}.Release|Any CPU.Build.0 = Release|Any CPU
		{28A7861C-C886-4AEE-BDE6-9FC4F3DF675B}.Debug|Any CPU.ActiveCfg = Debug|Any CPU
		{28A7861C-C886-4AEE-BDE6-9FC4F3DF675B}.Debug|Any CPU.Build.0 = Debug|Any CPU
		{28A7861C-C886-4AEE-BDE6-9FC4F3DF675B}.Release|Any CPU.ActiveCfg = Release|Any CPU
		{28A7861C-C886-4AEE-BDE6-9FC4F3DF675B}.Release|Any CPU.Build.0 = Release|Any CPU
	EndGlobalSection
	GlobalSection(SolutionProperties) = preSolution
		HideSolutionNode = FALSE
	EndGlobalSection
	GlobalSection(ExtensibilityGlobals) = postSolution
		SolutionGuid = {38AA5A64-06E1-4AB6-88B6-3E8A32EEF2A3}
	EndGlobalSection
EndGlobal
